# This file is automatically @generated by Poetry 1.8.3 and should not be changed by hand.

[[package]]
name = "pyfs"
version = "0.1.0"
description = ""
optional = false
python-versions = "^3.10"
files = []
develop = false

[package.source]
type = "git"
url = "https://github.com/NicholasSynovic/python-fs-utils"
reference = "HEAD"
resolved_reference = "2d030dcdd7d75d40eb603699454020116ae7be81"

[metadata]
lock-version = "2.0"
python-versions = ">=3.10,<4.0"
content-hash = "34e66b49a0832788acf106d3de809b4125b37d80c5330ad706976526755e8bfe"
